
Microsoft Visual Studio Solution File, Format Version 12.00
Project("{FAE04EC0-301F-11D3-BF4B-00C04F79EFBC}") = "Meiryou.App", "Meiryou.App\Meiryou.App.csproj", "{CACB582B-8046-4582-9526-776FC6507660}"
EndProject
Project("{FAE04EC0-301F-11D3-BF4B-00C04F79EFBC}") = "Meiryou.Tests", "Meiryou.Tests\Meiryou.Tests.csproj", "{62B57491-BF88-47C3-85B5-8C752912CBD8}"
EndProject
Project("{FAE04EC0-301F-11D3-BF4B-00C04F79EFBC}") = "Meiryou.Core", "Meiryou.Core\Meiryou.Core.csproj", "{8409DB15-7104-4508-AB3C-AA9146E1BFE8}"
EndProject
Global
	GlobalSection(SolutionConfigurationPlatforms) = preSolution
		Debug|Any CPU = Debug|Any CPU
		Release|Any CPU = Release|Any CPU
	EndGlobalSection
	GlobalSection(ProjectConfigurationPlatforms) = postSolution
		{CACB582B-8046-4582-9526-776FC6507660}.Debug|Any CPU.ActiveCfg = Debug|Any CPU
		{CACB582B-8046-4582-9526-776FC6507660}.Debug|Any CPU.Build.0 = Debug|Any CPU
		{CACB582B-8046-4582-9526-776FC6507660}.Release|Any CPU.ActiveCfg = Release|Any CPU
		{CACB582B-8046-4582-9526-776FC6507660}.Release|Any CPU.Build.0 = Release|Any CPU
		{62B57491-BF88-47C3-85B5-8C752912CBD8}.Debug|Any CPU.ActiveCfg = Debug|Any CPU
		{62B57491-BF88-47C3-85B5-8C752912CBD8}.Debug|Any CPU.Build.0 = Debug|Any CPU
		{62B57491-BF88-47C3-85B5-8C752912CBD8}.Release|Any CPU.ActiveCfg = Release|Any CPU
		{62B57491-BF88-47C3-85B5-8C752912CBD8}.Release|Any CPU.Build.0 = Release|Any CPU
		{8409DB15-7104-4508-AB3C-AA9146E1BFE8}.Debug|Any CPU.ActiveCfg = Debug|Any CPU
		{8409DB15-7104-4508-AB3C-AA9146E1BFE8}.Debug|Any CPU.Build.0 = Debug|Any CPU
		{8409DB15-7104-4508-AB3C-AA9146E1BFE8}.Release|Any CPU.ActiveCfg = Release|Any CPU
		{8409DB15-7104-4508-AB3C-AA9146E1BFE8}.Release|Any CPU.Build.0 = Release|Any CPU
	EndGlobalSection
EndGlobal
